
Microsoft Visual Studio Solution File, Format Version 12.00
# Visual Studio Version 16
VisualStudioVersion = 16.0.31624.102
MinimumVisualStudioVersion = 10.0.40219.1
Project("{FAE04EC0-301F-11D3-BF4B-00C04F79EFBC}") = "WebBookStore", "WebBookStore\WebBookStore.csproj", "{8EAD2742-876F-4D97-A3E7-49DDDCEE4AB6}"
EndProject
Global
	GlobalSection(SolutionConfigurationPlatforms) = preSolution
		Debug|Any CPU = Debug|Any CPU
		Release|Any CPU = Release|Any CPU
	EndGlobalSection
	GlobalSection(ProjectConfigurationPlatforms) = postSolution
		{8EAD2742-876F-4D97-A3E7-49DDDCEE4AB6}.Debug|Any CPU.ActiveCfg = Debug|Any CPU
		{8EAD2742-876F-4D97-A3E7-49DDDCEE4AB6}.Debug|Any CPU.Build.0 = Debug|Any CPU
		{8EAD2742-876F-4D97-A3E7-49DDDCEE4AB6}.Release|Any CPU.ActiveCfg = Release|Any CPU
		{8EAD2742-876F-4D97-A3E7-49DDDCEE4AB6}.Release|Any CPU.Build.0 = Release|Any CPU
	EndGlobalSection
	GlobalSection(SolutionProperties) = preSolution
		HideSolutionNode = FALSE
	EndGlobalSection
	GlobalSection(ExtensibilityGlobals) = postSolution
		SolutionGuid = {3F1A351C-5C2D-4B66-993E-F1CDC50797F2}
	EndGlobalSection
EndGlobal
